// !$*UTF8*$!
{
	archiveVersion = 1;
	classes = {
	};
	objectVersion = 50;
	objects = {

/* Begin PBXBuildFile section */
		D549755D20A4D7B300F9FFFE /* Main.storyboard in Resources */ = {isa = PBXBuildFile; fileRef = D549755B20A4D7B300F9FFFE /* Main.storyboard */; };
		D549755F20A4D7B500F9FFFE /* Assets.xcassets in Resources */ = {isa = PBXBuildFile; fileRef = D549755E20A4D7B500F9FFFE /* Assets.xcassets */; };
		D549756220A4D7B500F9FFFE /* LaunchScreen.storyboard in Resources */ = {isa = PBXBuildFile; fileRef = D549756020A4D7B500F9FFFE /* LaunchScreen.storyboard */; };
		D549756D20A4D7B500F9FFFE /* Stanford_CS193P_Project_4Tests.swift in Sources */ = {isa = PBXBuildFile; fileRef = D549756C20A4D7B500F9FFFE /* Stanford_CS193P_Project_4Tests.swift */; };
		D549758020A4D92600F9FFFE /* CardView.swift in Sources */ = {isa = PBXBuildFile; fileRef = D549757720A4D92500F9FFFE /* CardView.swift */; };
		D549758120A4D92600F9FFFE /* SetViewController.swift in Sources */ = {isa = PBXBuildFile; fileRef = D549757820A4D92500F9FFFE /* SetViewController.swift */; };
		D549758220A4D92600F9FFFE /* Card.swift in Sources */ = {isa = PBXBuildFile; fileRef = D549757920A4D92500F9FFFE /* Card.swift */; };
		D549758420A4D92600F9FFFE /* PileHostingView.swift in Sources */ = {isa = PBXBuildFile; fileRef = D549757B20A4D92500F9FFFE /* PileHostingView.swift */; };
		D549758520A4D92600F9FFFE /* GameModel.swift in Sources */ = {isa = PBXBuildFile; fileRef = D549757C20A4D92500F9FFFE /* GameModel.swift */; };
		D549758620A4D92600F9FFFE /* Constants.swift in Sources */ = {isa = PBXBuildFile; fileRef = D549757D20A4D92500F9FFFE /* Constants.swift */; };
		D549758720A4D92600F9FFFE /* Grid.swift in Sources */ = {isa = PBXBuildFile; fileRef = D549757E20A4D92600F9FFFE /* Grid.swift */; };
		D549758820A4D92600F9FFFE /* BounceBehavior.swift in Sources */ = {isa = PBXBuildFile; fileRef = D549757F20A4D92600F9FFFE /* BounceBehavior.swift */; };
		D549758A20A4D9B400F9FFFE /* AppDelegate.swift in Sources */ = {isa = PBXBuildFile; fileRef = D549758920A4D9B400F9FFFE /* AppDelegate.swift */; };
		D549758C20A4DA3C00F9FFFE /* GridTest.swift in Sources */ = {isa = PBXBuildFile; fileRef = D549758B20A4DA3C00F9FFFE /* GridTest.swift */; };
		D549758D20A4DA6000F9FFFE /* Grid.swift in Sources */ = {isa = PBXBuildFile; fileRef = D549757E20A4D92600F9FFFE /* Grid.swift */; };
		D549758F20A4DC4900F9FFFE /* Card.swift in Sources */ = {isa = PBXBuildFile; fileRef = D549757920A4D92500F9FFFE /* Card.swift */; };
/* End PBXBuildFile section */

/* Begin PBXContainerItemProxy section */
		D549756920A4D7B500F9FFFE /* PBXContainerItemProxy */ = {
			isa = PBXContainerItemProxy;
			containerPortal = D549754C20A4D7B300F9FFFE /* Project object */;
			proxyType = 1;
			remoteGlobalIDString = D549755320A4D7B300F9FFFE;
			remoteInfo = "Stanford CS193P Project 4";
		};
/* End PBXContainerItemProxy section */

/* Begin PBXFileReference section */
		D549755420A4D7B300F9FFFE /* Stanford CS193P Project 4.app */ = {isa = PBXFileReference; explicitFileType = wrapper.application; includeInIndex = 0; path = "Stanford CS193P Project 4.app"; sourceTree = BUILT_PRODUCTS_DIR; };
		D549755C20A4D7B300F9FFFE /* Base */ = {isa = PBXFileReference; lastKnownFileType = file.storyboard; name = Base; path = Base.lproj/Main.storyboard; sourceTree = "<group>"; };
		D549755E20A4D7B500F9FFFE /* Assets.xcassets */ = {isa = PBXFileReference; lastKnownFileType = folder.assetcatalog; path = Assets.xcassets; sourceTree = "<group>"; };
		D549756120A4D7B500F9FFFE /* Base */ = {isa = PBXFileReference; lastKnownFileType = file.storyboard; name = Base; path = Base.lproj/LaunchScreen.storyboard; sourceTree = "<group>"; };
		D549756320A4D7B500F9FFFE /* Info.plist */ = {isa = PBXFileReference; lastKnownFileType = text.plist.xml; path = Info.plist; sourceTree = "<group>"; };
		D549756820A4D7B500F9FFFE /* Stanford CS193P Project 4Tests.xctest */ = {isa = PBXFileReference; explicitFileType = wrapper.cfbundle; includeInIndex = 0; path = "Stanford CS193P Project 4Tests.xctest"; sourceTree = BUILT_PRODUCTS_DIR; };
		D549756C20A4D7B500F9FFFE /* Stanford_CS193P_Project_4Tests.swift */ = {isa = PBXFileReference; lastKnownFileType = sourcecode.swift; path = Stanford_CS193P_Project_4Tests.swift; sourceTree = "<group>"; };
		D549756E20A4D7B500F9FFFE /* Info.plist */ = {isa = PBXFileReference; lastKnownFileType = text.plist.xml; path = Info.plist; sourceTree = "<group>"; };
		D549757720A4D92500F9FFFE /* CardView.swift */ = {isa = PBXFileReference; fileEncoding = 4; lastKnownFileType = sourcecode.swift; path = CardView.swift; sourceTree = "<group>"; };
		D549757820A4D92500F9FFFE /* SetViewController.swift */ = {isa = PBXFileReference; fileEncoding = 4; lastKnownFileType = sourcecode.swift; path = SetViewController.swift; sourceTree = "<group>"; };
		D549757920A4D92500F9FFFE /* Card.swift */ = {isa = PBXFileReference; fileEncoding = 4; lastKnownFileType = sourcecode.swift; path = Card.swift; sourceTree = "<group>"; };
		D549757B20A4D92500F9FFFE /* PileHostingView.swift */ = {isa = PBXFileReference; fileEncoding = 4; lastKnownFileType = sourcecode.swift; path = PileHostingView.swift; sourceTree = "<group>"; };
		D549757C20A4D92500F9FFFE /* GameModel.swift */ = {isa = PBXFileReference; fileEncoding = 4; lastKnownFileType = sourcecode.swift; path = GameModel.swift; sourceTree = "<group>"; };
		D549757D20A4D92500F9FFFE /* Constants.swift */ = {isa = PBXFileReference; fileEncoding = 4; lastKnownFileType = sourcecode.swift; path = Constants.swift; sourceTree = "<group>"; };
		D549757E20A4D92600F9FFFE /* Grid.swift */ = {isa = PBXFileReference; fileEncoding = 4; lastKnownFileType = sourcecode.swift; path = Grid.swift; sourceTree = "<group>"; };
		D549757F20A4D92600F9FFFE /* BounceBehavior.swift */ = {isa = PBXFileReference; fileEncoding = 4; lastKnownFileType = sourcecode.swift; path = BounceBehavior.swift; sourceTree = "<group>"; };
		D549758920A4D9B400F9FFFE /* AppDelegate.swift */ = {isa = PBXFileReference; lastKnownFileType = sourcecode.swift; path = AppDelegate.swift; sourceTree = "<group>"; };
		D549758B20A4DA3C00F9FFFE /* GridTest.swift */ = {isa = PBXFileReference; fileEncoding = 4; lastKnownFileType = sourcecode.swift; path = GridTest.swift; sourceTree = "<group>"; };
/* End PBXFileReference section */

/* Begin PBXFrameworksBuildPhase section */
		D549755120A4D7B300F9FFFE /* Frameworks */ = {
			isa = PBXFrameworksBuildPhase;
			buildActionMask = 2147483647;
			files = (
			);
			runOnlyForDeploymentPostprocessing = 0;
		};
		D549756520A4D7B500F9FFFE /* Frameworks */ = {
			isa = PBXFrameworksBuildPhase;
			buildActionMask = 2147483647;
			files = (
			);
			runOnlyForDeploymentPostprocessing = 0;
		};
/* End PBXFrameworksBuildPhase section */

/* Begin PBXGroup section */
		D549754B20A4D7B300F9FFFE = {
			isa = PBXGroup;
			children = (
				D549755620A4D7B300F9FFFE /* Stanford CS193P Project 4 */,
				D549756B20A4D7B500F9FFFE /* Stanford CS193P Project 4Tests */,
				D549755520A4D7B300F9FFFE /* Products */,
			);
			sourceTree = "<group>";
		};
		D549755520A4D7B300F9FFFE /* Products */ = {
			isa = PBXGroup;
			children = (
				D549755420A4D7B300F9FFFE /* Stanford CS193P Project 4.app */,
				D549756820A4D7B500F9FFFE /* Stanford CS193P Project 4Tests.xctest */,
			);
			name = Products;
			sourceTree = "<group>";
		};
		D549755620A4D7B300F9FFFE /* Stanford CS193P Project 4 */ = {
			isa = PBXGroup;
			children = (
				D549758920A4D9B400F9FFFE /* AppDelegate.swift */,
				D549757F20A4D92600F9FFFE /* BounceBehavior.swift */,
				D549757920A4D92500F9FFFE /* Card.swift */,
				D549757720A4D92500F9FFFE /* CardView.swift */,
				D549757D20A4D92500F9FFFE /* Constants.swift */,
				D549757C20A4D92500F9FFFE /* GameModel.swift */,
				D549757E20A4D92600F9FFFE /* Grid.swift */,
				D549757B20A4D92500F9FFFE /* PileHostingView.swift */,
				D549757820A4D92500F9FFFE /* SetViewController.swift */,
				D549755B20A4D7B300F9FFFE /* Main.storyboard */,
				D549755E20A4D7B500F9FFFE /* Assets.xcassets */,
				D549756020A4D7B500F9FFFE /* LaunchScreen.storyboard */,
				D549756320A4D7B500F9FFFE /* Info.plist */,
			);
			path = "Stanford CS193P Project 4";
			sourceTree = "<group>";
		};
		D549756B20A4D7B500F9FFFE /* Stanford CS193P Project 4Tests */ = {
			isa = PBXGroup;
			children = (
				D549756C20A4D7B500F9FFFE /* Stanford_CS193P_Project_4Tests.swift */,
				D549756E20A4D7B500F9FFFE /* Info.plist */,
				D549758B20A4DA3C00F9FFFE /* GridTest.swift */,
			);
			path = "Stanford CS193P Project 4Tests";
			sourceTree = "<group>";
		};
/* End PBXGroup section */

/* Begin PBXNativeTarget section */
		D549755320A4D7B300F9FFFE /* Stanford CS193P Project 4 */ = {
			isa = PBXNativeTarget;
			buildConfigurationList = D549757120A4D7B500F9FFFE /* Build configuration list for PBXNativeTarget "Stanford CS193P Project 4" */;
			buildPhases = (
				D549755020A4D7B300F9FFFE /* Sources */,
				D549755120A4D7B300F9FFFE /* Frameworks */,
				D549755220A4D7B300F9FFFE /* Resources */,
			);
			buildRules = (
			);
			dependencies = (
			);
			name = "Stanford CS193P Project 4";
			productName = "Stanford CS193P Project 4";
			productReference = D549755420A4D7B300F9FFFE /* Stanford CS193P Project 4.app */;
			productType = "com.apple.product-type.application";
		};
		D549756720A4D7B500F9FFFE /* Stanford CS193P Project 4Tests */ = {
			isa = PBXNativeTarget;
			buildConfigurationList = D549757420A4D7B500F9FFFE /* Build configuration list for PBXNativeTarget "Stanford CS193P Project 4Tests" */;
			buildPhases = (
				D549756420A4D7B500F9FFFE /* Sources */,
				D549756520A4D7B500F9FFFE /* Frameworks */,
				D549756620A4D7B500F9FFFE /* Resources */,
			);
			buildRules = (
			);
			dependencies = (
				D549756A20A4D7B500F9FFFE /* PBXTargetDependency */,
			);
			name = "Stanford CS193P Project 4Tests";
			productName = "Stanford CS193P Project 4Tests";
			productReference = D549756820A4D7B500F9FFFE /* Stanford CS193P Project 4Tests.xctest */;
			productType = "com.apple.product-type.bundle.unit-test";
		};
/* End PBXNativeTarget section */

/* Begin PBXProject section */
		D549754C20A4D7B300F9FFFE /* Project object */ = {
			isa = PBXProject;
			attributes = {
				LastSwiftUpdateCheck = 0930;
				LastUpgradeCheck = 0930;
				ORGANIZATIONNAME = "Rainer Standke";
				TargetAttributes = {
					D549755320A4D7B300F9FFFE = {
						CreatedOnToolsVersion = 9.3;
					};
					D549756720A4D7B500F9FFFE = {
						CreatedOnToolsVersion = 9.3;
					};
				};
			};
			buildConfigurationList = D549754F20A4D7B300F9FFFE /* Build configuration list for PBXProject "Stanford CS193P Project 4" */;
			compatibilityVersion = "Xcode 9.3";
			developmentRegion = en;
			hasScannedForEncodings = 0;
			knownRegions = (
				en,
				Base,
			);
			mainGroup = D549754B20A4D7B300F9FFFE;
			productRefGroup = D549755520A4D7B300F9FFFE /* Products */;
			projectDirPath = "";
			projectRoot = "";
			targets = (
				D549755320A4D7B300F9FFFE /* Stanford CS193P Project 4 */,
				D549756720A4D7B500F9FFFE /* Stanford CS193P Project 4Tests */,
			);
		};
/* End PBXProject section */

/* Begin PBXResourcesBuildPhase section */
		D549755220A4D7B300F9FFFE /* Resources */ = {
			isa = PBXResourcesBuildPhase;
			buildActionMask = 2147483647;
			files = (
				D549756220A4D7B500F9FFFE /* LaunchScreen.storyboard in Resources */,
				D549755F20A4D7B500F9FFFE /* Assets.xcassets in Resources */,
				D549755D20A4D7B300F9FFFE /* Main.storyboard in Resources */,
			);
			runOnlyForDeploymentPostprocessing = 0;
		};
		D549756620A4D7B500F9FFFE /* Resources */ = {
			isa = PBXResourcesBuildPhase;
			buildActionMask = 2147483647;
			files = (
			);
			runOnlyForDeploymentPostprocessing = 0;
		};
/* End PBXResourcesBuildPhase section */

/* Begin PBXSourcesBuildPhase section */
		D549755020A4D7B300F9FFFE /* Sources */ = {
			isa = PBXSourcesBuildPhase;
			buildActionMask = 2147483647;
			files = (
				D549758020A4D92600F9FFFE /* CardView.swift in Sources */,
				D549758120A4D92600F9FFFE /* SetViewController.swift in Sources */,
				D549758220A4D92600F9FFFE /* Card.swift in Sources */,
				D549758A20A4D9B400F9FFFE /* AppDelegate.swift in Sources */,
				D549758820A4D92600F9FFFE /* BounceBehavior.swift in Sources */,
				D549758520A4D92600F9FFFE /* GameModel.swift in Sources */,
				D549758420A4D92600F9FFFE /* PileHostingView.swift in Sources */,
				D549758620A4D92600F9FFFE /* Constants.swift in Sources */,
				D549758720A4D92600F9FFFE /* Grid.swift in Sources */,
			);
			runOnlyForDeploymentPostprocessing = 0;
		};
		D549756420A4D7B500F9FFFE /* Sources */ = {
			isa = PBXSourcesBuildPhase;
			buildActionMask = 2147483647;
			files = (
				D549756D20A4D7B500F9FFFE /* Stanford_CS193P_Project_4Tests.swift in Sources */,
				D549758C20A4DA3C00F9FFFE /* GridTest.swift in Sources */,
				D549758F20A4DC4900F9FFFE /* Card.swift in Sources */,
				D549758D20A4DA6000F9FFFE /* Grid.swift in Sources */,
			);
			runOnlyForDeploymentPostprocessing = 0;
		};
/* End PBXSourcesBuildPhase section */

/* Begin PBXTargetDependency section */
		D549756A20A4D7B500F9FFFE /* PBXTargetDependency */ = {
			isa = PBXTargetDependency;
			target = D549755320A4D7B300F9FFFE /* Stanford CS193P Project 4 */;
			targetProxy = D549756920A4D7B500F9FFFE /* PBXContainerItemProxy */;
		};
/* End PBXTargetDependency section */

/* Begin PBXVariantGroup section */
		D549755B20A4D7B300F9FFFE /* Main.storyboard */ = {
			isa = PBXVariantGroup;
			children = (
				D549755C20A4D7B300F9FFFE /* Base */,
			);
			name = Main.storyboard;
			sourceTree = "<group>";
		};
		D549756020A4D7B500F9FFFE /* LaunchScreen.storyboard */ = {
			isa = PBXVariantGroup;
			children = (
				D549756120A4D7B500F9FFFE /* Base */,
			);
			name = LaunchScreen.storyboard;
			sourceTree = "<group>";
		};
/* End PBXVariantGroup section */

/* Begin XCBuildConfiguration section */
		D549756F20A4D7B500F9FFFE /* Debug */ = {
			isa = XCBuildConfiguration;
			buildSettings = {
				ALWAYS_SEARCH_USER_PATHS = NO;
				CLANG_ANALYZER_NONNULL = YES;
				CLANG_ANALYZER_NUMBER_OBJECT_CONVERSION = YES_AGGRESSIVE;
				CLANG_CXX_LANGUAGE_STANDARD = "gnu++14";
				CLANG_CXX_LIBRARY = "libc++";
				CLANG_ENABLE_MODULES = YES;
				CLANG_ENABLE_OBJC_ARC = YES;
				CLANG_ENABLE_OBJC_WEAK = YES;
				CLANG_WARN_BLOCK_CAPTURE_AUTORELEASING = YES;
				CLANG_WARN_BOOL_CONVERSION = YES;
				CLANG_WARN_COMMA = YES;
				CLANG_WARN_CONSTANT_CONVERSION = YES;
				CLANG_WARN_DEPRECATED_OBJC_IMPLEMENTATIONS = YES;
				CLANG_WARN_DIRECT_OBJC_ISA_USAGE = YES_ERROR;
				CLANG_WARN_DOCUMENTATION_COMMENTS = YES;
				CLANG_WARN_EMPTY_BODY = YES;
				CLANG_WARN_ENUM_CONVERSION = YES;
				CLANG_WARN_INFINITE_RECURSION = YES;
				CLANG_WARN_INT_CONVERSION = YES;
				CLANG_WARN_NON_LITERAL_NULL_CONVERSION = YES;
				CLANG_WARN_OBJC_IMPLICIT_RETAIN_SELF = YES;
				CLANG_WARN_OBJC_LITERAL_CONVERSION = YES;
				CLANG_WARN_OBJC_ROOT_CLASS = YES_ERROR;
				CLANG_WARN_RANGE_LOOP_ANALYSIS = YES;
				CLANG_WARN_STRICT_PROTOTYPES = YES;
				CLANG_WARN_SUSPICIOUS_MOVE = YES;
				CLANG_WARN_UNGUARDED_AVAILABILITY = YES_AGGRESSIVE;
				CLANG_WARN_UNREACHABLE_CODE = YES;
				CLANG_WARN__DUPLICATE_METHOD_MATCH = YES;
				CODE_SIGN_IDENTITY = "iPhone Developer";
				COPY_PHASE_STRIP = NO;
				DEBUG_INFORMATION_FORMAT = dwarf;
				ENABLE_STRICT_OBJC_MSGSEND = YES;
				ENABLE_TESTABILITY = YES;
				GCC_C_LANGUAGE_STANDARD = gnu11;
				GCC_DYNAMIC_NO_PIC = NO;
				GCC_NO_COMMON_BLOCKS = YES;
				GCC_OPTIMIZATION_LEVEL = 0;
				GCC_PREPROCESSOR_DEFINITIONS = (
					"DEBUG=1",
					"$(inherited)",
				);
				GCC_WARN_64_TO_32_BIT_CONVERSION = YES;
				GCC_WARN_ABOUT_RETURN_TYPE = YES_ERROR;
				GCC_WARN_UNDECLARED_SELECTOR = YES;
				GCC_WARN_UNINITIALIZED_AUTOS = YES_AGGRESSIVE;
				GCC_WARN_UNUSED_FUNCTION = YES;
				GCC_WARN_UNUSED_VARIABLE = YES;
				IPHONEOS_DEPLOYMENT_TARGET = 11.3;
				MTL_ENABLE_DEBUG_INFO = YES;
				ONLY_ACTIVE_ARCH = YES;
				SDKROOT = iphoneos;
				SWIFT_ACTIVE_COMPILATION_CONDITIONS = DEBUG;
				SWIFT_OPTIMIZATION_LEVEL = "-Onone";
			};
			name = Debug;
		};
		D549757020A4D7B500F9FFFE /* Release */ = {
			isa = XCBuildConfiguration;
			buildSettings = {
				ALWAYS_SEARCH_USER_PATHS = NO;
				CLANG_ANALYZER_NONNULL = YES;
				CLANG_ANALYZER_NUMBER_OBJECT_CONVERSION = YES_AGGRESSIVE;
				CLANG_CXX_LANGUAGE_STANDARD = "gnu++14";
				CLANG_CXX_LIBRARY = "libc++";
				CLANG_ENABLE_MODULES = YES;
				CLANG_ENABLE_OBJC_ARC = YES;
				CLANG_ENABLE_OBJC_WEAK = YES;
				CLANG_WARN_BLOCK_CAPTURE_AUTORELEASING = YES;
				CLANG_WARN_BOOL_CONVERSION = YES;
				CLANG_WARN_COMMA = YES;
				CLANG_WARN_CONSTANT_CONVERSION = YES;
				CLANG_WARN_DEPRECATED_OBJC_IMPLEMENTATIONS = YES;
				CLANG_WARN_DIRECT_OBJC_ISA_USAGE = YES_ERROR;
				CLANG_WARN_DOCUMENTATION_COMMENTS = YES;
				CLANG_WARN_EMPTY_BODY = YES;
				CLANG_WARN_ENUM_CONVERSION = YES;
				CLANG_WARN_INFINITE_RECURSION = YES;
				CLANG_WARN_INT_CONVERSION = YES;
				CLANG_WARN_NON_LITERAL_NULL_CONVERSION = YES;
				CLANG_WARN_OBJC_IMPLICIT_RETAIN_SELF = YES;
				CLANG_WARN_OBJC_LITERAL_CONVERSION = YES;
				CLANG_WARN_OBJC_ROOT_CLASS = YES_ERROR;
				CLANG_WARN_RANGE_LOOP_ANALYSIS = YES;
				CLANG_WARN_STRICT_PROTOTYPES = YES;
				CLANG_WARN_SUSPICIOUS_MOVE = YES;
				CLANG_WARN_UNGUARDED_AVAILABILITY = YES_AGGRESSIVE;
				CLANG_WARN_UNREACHABLE_CODE = YES;
				CLANG_WARN__DUPLICATE_METHOD_MATCH = YES;
				CODE_SIGN_IDENTITY = "iPhone Developer";
				COPY_PHASE_STRIP = NO;
				DEBUG_INFORMATION_FORMAT = "dwarf-with-dsym";
				ENABLE_NS_ASSERTIONS = NO;
				ENABLE_STRICT_OBJC_MSGSEND = YES;
				GCC_C_LANGUAGE_STANDARD = gnu11;
				GCC_NO_COMMON_BLOCKS = YES;
				GCC_WARN_64_TO_32_BIT_CONVERSION = YES;
				GCC_WARN_ABOUT_RETURN_TYPE = YES_ERROR;
				GCC_WARN_UNDECLARED_SELECTOR = YES;
				GCC_WARN_UNINITIALIZED_AUTOS = YES_AGGRESSIVE;
				GCC_WARN_UNUSED_FUNCTION = YES;
				GCC_WARN_UNUSED_VARIABLE = YES;
				IPHONEOS_DEPLOYMENT_TARGET = 11.3;
				MTL_ENABLE_DEBUG_INFO = NO;
				SDKROOT = iphoneos;
				SWIFT_COMPILATION_MODE = wholemodule;
				SWIFT_OPTIMIZATION_LEVEL = "-O";
				VALIDATE_PRODUCT = YES;
			};
			name = Release;
		};
		D549757220A4D7B500F9FFFE /* Debug */ = {
			isa = XCBuildConfiguration;
			buildSettings = {
				ASSETCATALOG_COMPILER_APPICON_NAME = AppIcon;
				CODE_SIGN_STYLE = Automatic;
				DEVELOPMENT_TEAM = GBPX9EPXRH;
				INFOPLIST_FILE = "Stanford CS193P Project 4/Info.plist";
				LD_RUNPATH_SEARCH_PATHS = (
					"$(inherited)",
					"@executable_path/Frameworks",
				);
				PRODUCT_BUNDLE_IDENTIFIER = "biz.xmil.Stanford-CS193P-Project-4";
				PRODUCT_NAME = "$(TARGET_NAME)";
				SWIFT_VERSION = 4.0;
				TARGETED_DEVICE_FAMILY = "1,2";
			};
			name = Debug;
		};
		D549757320A4D7B500F9FFFE /* Release */ = {
			isa = XCBuildConfiguration;
			buildSettings = {
				ASSETCATALOG_COMPILER_APPICON_NAME = AppIcon;
				CODE_SIGN_STYLE = Automatic;
				DEVELOPMENT_TEAM = GBPX9EPXRH;
				INFOPLIST_FILE = "Stanford CS193P Project 4/Info.plist";
				LD_RUNPATH_SEARCH_PATHS = (
					"$(inherited)",
					"@executable_path/Frameworks",
				);
				PRODUCT_BUNDLE_IDENTIFIER = "biz.xmil.Stanford-CS193P-Project-4";
				PRODUCT_NAME = "$(TARGET_NAME)";
				SWIFT_VERSION = 4.0;
				TARGETED_DEVICE_FAMILY = "1,2";
			};
			name = Release;
		};
		D549757520A4D7B500F9FFFE /* Debug */ = {
			isa = XCBuildConfiguration;
			buildSettings = {
				ALWAYS_EMBED_SWIFT_STANDARD_LIBRARIES = YES;
				CODE_SIGN_STYLE = Automatic;
				DEVELOPMENT_TEAM = GBPX9EPXRH;
				INFOPLIST_FILE = "Stanford CS193P Project 4Tests/Info.plist";
				LD_RUNPATH_SEARCH_PATHS = (
					"$(inherited)",
					"@executable_path/Frameworks",
					"@loader_path/Frameworks",
				);
				PRODUCT_BUNDLE_IDENTIFIER = "biz.xmil.Stanford-CS193P-Project-4Tests";
				PRODUCT_NAME = "$(TARGET_NAME)";
				SWIFT_VERSION = 4.0;
				TARGETED_DEVICE_FAMILY = "1,2";
			};
			name = Debug;
		};
		D549757620A4D7B500F9FFFE /* Release */ = {
			isa = XCBuildConfiguration;
			buildSettings = {
				ALWAYS_EMBED_SWIFT_STANDARD_LIBRARIES = YES;
				CODE_SIGN_STYLE = Automatic;
				DEVELOPMENT_TEAM = GBPX9EPXRH;
				INFOPLIST_FILE = "Stanford CS193P Project 4Tests/Info.plist";
				LD_RUNPATH_SEARCH_PATHS = (
					"$(inherited)",
					"@executable_path/Frameworks",
					"@loader_path/Frameworks",
				);
				PRODUCT_BUNDLE_IDENTIFIER = "biz.xmil.Stanford-CS193P-Project-4Tests";
				PRODUCT_NAME = "$(TARGET_NAME)";
				SWIFT_VERSION = 4.0;
				TARGETED_DEVICE_FAMILY = "1,2";
			};
			name = Release;
		};
/* End XCBuildConfiguration section */

/* Begin XCConfigurationList section */
		D549754F20A4D7B300F9FFFE /* Build configuration list for PBXProject "Stanford CS193P Project 4" */ = {
			isa = XCConfigurationList;
			buildConfigurations = (
				D549756F20A4D7B500F9FFFE /* Debug */,
				D549757020A4D7B500F9FFFE /* Release */,
			);
			defaultConfigurationIsVisible = 0;
			defaultConfigurationName = Release;
		};
		D549757120A4D7B500F9FFFE /* Build configuration list for PBXNativeTarget "Stanford CS193P Project 4" */ = {
			isa = XCConfigurationList;
			buildConfigurations = (
				D549757220A4D7B500F9FFFE /* Debug */,
				D549757320A4D7B500F9FFFE /* Release */,
			);
			defaultConfigurationIsVisible = 0;
			defaultConfigurationName = Release;
		};
		D549757420A4D7B500F9FFFE /* Build configuration list for PBXNativeTarget "Stanford CS193P Project 4Tests" */ = {
			isa = XCConfigurationList;
			buildConfigurations = (
				D549757520A4D7B500F9FFFE /* Debug */,
				D549757620A4D7B500F9FFFE /* Release */,
			);
			defaultConfigurationIsVisible = 0;
			defaultConfigurationName = Release;
		};
/* End XCConfigurationList section */
	};
	rootObject = D549754C20A4D7B300F9FFFE /* Project object */;
}
